
Microsoft Visual Studio Solution File, Format Version 12.00
# Visual Studio 2013
VisualStudioVersion = 12.0.30723.0
MinimumVisualStudioVersion = 10.0.40219.1
Project("{FAE04EC0-301F-11D3-BF4B-00C04F79EFBC}") = "PinWindows", "PinWindows.csproj", "{F4CEC0B0-7D3A-4194-8525-B483C841AB8B}"
EndProject
Global
	GlobalSection(SolutionConfigurationPlatforms) = preSolution
		Debug|Any CPU = Debug|Any CPU
		Release|Any CPU = Release|Any CPU
	EndGlobalSection
	GlobalSection(ProjectConfigurationPlatforms) = postSolution
		{F4CEC0B0-7D3A-4194-8525-B483C841AB8B}.Debug|Any CPU.ActiveCfg = Debug|Any CPU
		{F4CEC0B0-7D3A-4194-8525-B483C841AB8B}.Debug|Any CPU.Build.0 = Debug|Any CPU
		{F4CEC0B0-7D3A-4194-8525-B483C841AB8B}.Release|Any CPU.ActiveCfg = Release|Any CPU
		{F4CEC0B0-7D3A-4194-8525-B483C841AB8B}.Release|Any CPU.Build.0 = Release|Any CPU
	EndGlobalSection
	GlobalSection(SolutionProperties) = preSolution
		HideSolutionNode = FALSE
	EndGlobalSection
EndGlobal
